<?xml version="1.0" encoding="utf-8"?>
<Project ToolsVersion="4.0" xmlns="http://schemas.microsoft.com/developer/msbuild/2003">
  <ItemGroup>
    <Filter Include="源文件">
      <UniqueIdentifier>{4FC737F1-C7A5-4376-A066-2A32D752A2FF}</UniqueIdentifier>
      <Extensions>cpp;c;cc;cxx;c++;cppm;ixx;def;odl;idl;hpj;bat;asm;asmx</Extensions>
    </Filter>
    <Filter Include="头文件">
      <UniqueIdentifier>{93995380-89BD-4b04-88EB-625FBE52EBFB}</UniqueIdentifier>
      <Extensions>h;hh;hpp;hxx;h++;hm;inl;inc;ipp;xsd</Extensions>
    </Filter>
    <Filter Include="资源文件">
      <UniqueIdentifier>{67DA6AB6-F800-4c08-8B7A-83BB121AAD01}</UniqueIdentifier>
      <Extensions>rc;ico;cur;bmp;dlg;rc2;rct;bin;rgs;gif;jpg;jpeg;jpe;resx;tiff;tif;png;wav;mfcribbon-ms</Extensions>
    </Filter>
    <Filter Include="libdshowcapture">
      <UniqueIdentifier>{fff345d9-cf98-4491-a592-dd7d41b83d80}</UniqueIdentifier>
    </Filter>
    <Filter Include="libdshowcapture-external">
      <UniqueIdentifier>{c2a38a4f-b325-409c-9219-cbcaf3910e9c}</UniqueIdentifier>
    </Filter>
    <Filter Include="shaders">
      <UniqueIdentifier>{b795616a-4170-4aab-998e-7f7f7423cba1}</UniqueIdentifier>
    </Filter>
  </ItemGroup>
  <ItemGroup>
    <ClInclude Include="CameraView.h">
      <Filter>头文件</Filter>
    </ClInclude>
    <ClInclude Include="..\Common\d3dApp.h">
      <Filter>头文件</Filter>
    </ClInclude>
    <ClInclude Include="..\Common\d3dUtil.h">
      <Filter>头文件</Filter>
    </ClInclude>
    <ClInclude Include="..\Common\GameTimer.h">
      <Filter>头文件</Filter>
    </ClInclude>
    <ClInclude Include="device.hpp">
      <Filter>libdshowcapture</Filter>
    </ClInclude>
    <ClInclude Include="dshowcapture.hpp">
      <Filter>libdshowcapture</Filter>
    </ClInclude>
    <ClInclude Include="ComPtr.hpp">
      <Filter>libdshowcapture</Filter>
    </ClInclude>
    <ClInclude Include="CoTaskMemPtr.hpp">
      <Filter>libdshowcapture</Filter>
    </ClInclude>
    <ClInclude Include="dshow-base.hpp">
      <Filter>libdshowcapture</Filter>
    </ClInclude>
    <ClInclude Include="log.hpp">
      <Filter>libdshowcapture</Filter>
    </ClInclude>
    <ClInclude Include="dshow-device-defs.hpp">
      <Filter>libdshowcapture</Filter>
    </ClInclude>
    <ClInclude Include="dshow-enum.hpp">
      <Filter>libdshowcapture</Filter>
    </ClInclude>
    <ClInclude Include="dshow-media-type.hpp">
      <Filter>libdshowcapture</Filter>
    </ClInclude>
    <ClInclude Include="IVideoCaptureFilter.h">
      <Filter>libdshowcapture</Filter>
    </ClInclude>
    <ClInclude Include="dshow-formats.hpp">
      <Filter>libdshowcapture</Filter>
    </ClInclude>
    <ClInclude Include="capture-filter.hpp">
      <Filter>libdshowcapture</Filter>
    </ClInclude>
    <ClInclude Include="dshow-demux.hpp">
      <Filter>libdshowcapture</Filter>
    </ClInclude>
    <ClInclude Include="DriverInterface.h">
      <Filter>libdshowcapture-external</Filter>
    </ClInclude>
    <ClInclude Include="Triangle.h">
      <Filter>头文件</Filter>
    </ClInclude>
  </ItemGroup>
  <ItemGroup>
    <ClCompile Include="CameraView.cpp">
      <Filter>源文件</Filter>
    </ClCompile>
    <ClCompile Include="..\Common\d3dApp.cpp">
      <Filter>源文件</Filter>
    </ClCompile>
    <ClCompile Include="..\Common\d3dUtil.cpp">
      <Filter>源文件</Filter>
    </ClCompile>
    <ClCompile Include="..\Common\GameTimer.cpp">
      <Filter>源文件</Filter>
    </ClCompile>
    <ClCompile Include="dshow-base.cpp">
      <Filter>libdshowcapture</Filter>
    </ClCompile>
    <ClCompile Include="log.cpp">
      <Filter>libdshowcapture</Filter>
    </ClCompile>
    <ClCompile Include="dshow-enum.cpp">
      <Filter>libdshowcapture</Filter>
    </ClCompile>
    <ClCompile Include="dshow-media-type.cpp">
      <Filter>libdshowcapture</Filter>
    </ClCompile>
    <ClCompile Include="dshow-formats.cpp">
      <Filter>libdshowcapture</Filter>
    </ClCompile>
    <ClCompile Include="device.cpp">
      <Filter>libdshowcapture</Filter>
    </ClCompile>
    <ClCompile Include="dshowcapture.cpp">
      <Filter>libdshowcapture</Filter>
    </ClCompile>
    <ClCompile Include="capture-filter.cpp">
      <Filter>libdshowcapture</Filter>
    </ClCompile>
    <ClCompile Include="dshow-demux.cpp">
      <Filter>libdshowcapture</Filter>
    </ClCompile>
    <ClCompile Include="dshow-encoded-device.cpp">
      <Filter>libdshowcapture</Filter>
    </ClCompile>
    <ClCompile Include="device-vendor.cpp">
      <Filter>libdshowcapture</Filter>
    </ClCompile>
    <ClCompile Include="includes\capture-device-support\Library\EGAVResult.cpp">
      <Filter>libdshowcapture-external</Filter>
    </ClCompile>
    <ClCompile Include="includes\capture-device-support\Library\ElgatoUVCDevice.cpp">
      <Filter>libdshowcapture-external</Filter>
    </ClCompile>
    <ClCompile Include="includes\capture-device-support\Library\win\EGAVHIDImplementation.cpp">
      <Filter>libdshowcapture-external</Filter>
    </ClCompile>
    <ClCompile Include="DriverInterface.cpp">
      <Filter>libdshowcapture-external</Filter>
    </ClCompile>
    <ClCompile Include="main.cpp">
      <Filter>源文件</Filter>
    </ClCompile>
    <ClCompile Include="Triangle.cpp">
      <Filter>源文件</Filter>
    </ClCompile>
  </ItemGroup>
  <ItemGroup>
    <None Include="shader1.hlsl">
      <Filter>shaders</Filter>
    </None>
  </ItemGroup>
</Project>